{"SurveyEntry":{"SurveyID":"SV_cHfASnzLpn6aX3L","SurveyName":"Slider Test","SurveyDescription":null,"SurveyOwnerID":"UR_6hxWGrlztmNeKTr","SurveyBrandID":"vuw","DivisionID":null,"SurveyLanguage":"EN","SurveyActiveResponseSet":"RS_2ukWNjmf8HIC6sR","SurveyStatus":"Inactive","SurveyStartDate":"0000-00-00 00:00:00","SurveyExpirationDate":"0000-00-00 00:00:00","SurveyCreationDate":"2019-03-20 23:17:24","CreatorID":"UR_6hxWGrlztmNeKTr","LastModified":"2019-03-21 16:55:05","LastAccessed":"0000-00-00 00:00:00","LastActivated":"0000-00-00 00:00:00","Deleted":null},"SurveyElements":[{"SurveyID":"SV_cHfASnzLpn6aX3L","Element":"BL","PrimaryAttribute":"Survey Blocks","SecondaryAttribute":null,"TertiaryAttribute":null,"Payload":{"0":{"Type":"Default","Description":"Default Question Block","ID":"BL_2bp2UsezBh793F3","BlockElements":[{"Type":"Question","QuestionID":"QID22"},{"Type":"Question","QuestionID":"QID21"},{"Type":"Question","QuestionID":"QID1"},{"Type":"Question","QuestionID":"QID20"}]},"1":{"Type":"Trash","Description":"Trash \/ Unused Questions","ID":"BL_25ABxk8FiJ89VOJ","BlockElements":[{"Type":"Question","QuestionID":"QID18"},{"Type":"Question","QuestionID":"QID17"},{"Type":"Question","QuestionID":"QID13"},{"Type":"Question","QuestionID":"QID16"},{"Type":"Question","QuestionID":"QID15"},{"Type":"Question","QuestionID":"QID14"},{"Type":"Question","QuestionID":"QID19"},{"Type":"Question","QuestionID":"QID2"},{"Type":"Question","QuestionID":"QID8"},{"Type":"Question","QuestionID":"QID7"},{"Type":"Question","QuestionID":"QID6"},{"Type":"Question","QuestionID":"QID5"},{"Type":"Question","QuestionID":"QID4"},{"Type":"Question","QuestionID":"QID3"},{"Type":"Question","QuestionID":"QID9"},{"Type":"Question","QuestionID":"QID10"},{"Type":"Question","QuestionID":"QID11"},{"Type":"Question","QuestionID":"QID12"},{"Type":"Question","QuestionID":"QID24"},{"Type":"Question","QuestionID":"QID25"}]},"3":{"Type":"Standard","SubType":"","Description":"Block 2","ID":"BL_eam4dMBXMO5AMPX","BlockElements":[{"Type":"Question","QuestionID":"QID23"}],"Options":{"BlockLocking":"false","RandomizeQuestions":"false","BlockVisibility":"Expanded"}}}},{"SurveyID":"SV_cHfASnzLpn6aX3L","Element":"FL","PrimaryAttribute":"Survey Flow","SecondaryAttribute":null,"TertiaryAttribute":null,"Payload":{"Flow":[{"ID":"BL_eam4dMBXMO5AMPX","Type":"Standard","FlowID":"FL_4"},{"ID":"BL_2bp2UsezBh793F3","Type":"Block","FlowID":"FL_2"}],"Properties":{"Count":4},"FlowID":"FL_1","Type":"Root"}},{"SurveyID":"SV_cHfASnzLpn6aX3L","Element":"SO","PrimaryAttribute":"Survey Options","SecondaryAttribute":null,"TertiaryAttribute":null,"Payload":{"BackButton":"false","SaveAndContinue":"true","SurveyProtection":"PublicSurvey","BallotBoxStuffingPrevention":"false","NoIndex":"Yes","SecureResponseFiles":"true","SurveyExpiration":"None","SurveyTermination":"DefaultMessage","Header":"","Footer":"","ProgressBarDisplay":"None","PartialData":"+1 week","ValidationMessage":"","PreviousButton":" \u2190 ","NextButton":" \u2192 ","SkinLibrary":"vuw","SkinType":"MQ","Skin":"newskin1","NewScoring":1}},{"SurveyID":"SV_cHfASnzLpn6aX3L","Element":"SCO","PrimaryAttribute":"Scoring","SecondaryAttribute":null,"TertiaryAttribute":null,"Payload":{"ScoringCategories":[],"ScoringCategoryGroups":[],"ScoringSummaryCategory":null,"ScoringSummaryAfterQuestions":0,"ScoringSummaryAfterSurvey":0,"DefaultScoringCategory":null,"AutoScoringCategory":null}},{"SurveyID":"SV_cHfASnzLpn6aX3L","Element":"PROJ","PrimaryAttribute":"CORE","SecondaryAttribute":null,"TertiaryAttribute":"1.1.0","Payload":{"ProjectCategory":"CORE","SchemaVersion":"1.1.0"}},{"SurveyID":"SV_cHfASnzLpn6aX3L","Element":"STAT","PrimaryAttribute":"Survey Statistics","SecondaryAttribute":null,"TertiaryAttribute":null,"Payload":{"MobileCompatible":true,"ID":"Survey Statistics"}},{"SurveyID":"SV_cHfASnzLpn6aX3L","Element":"QC","PrimaryAttribute":"Survey Question Count","SecondaryAttribute":"25","TertiaryAttribute":null,"Payload":null},{"SurveyID":"SV_cHfASnzLpn6aX3L","Element":"SQ","PrimaryAttribute":"QID2","SecondaryAttribute":"Click to write the question text","TertiaryAttribute":null,"Payload":{"QuestionText":"Click to write the question text","DataExportTag":"Q2","QuestionType":"MC","Selector":"SAVR","SubSelector":"TX","Configuration":{"QuestionDescriptionOption":"UseText"},"QuestionDescription":"Click to write the question text","Choices":{"1":{"Display":"Click to write Choice 1"},"2":{"Display":"Click to write Choice 2"},"3":{"Display":"Click to write Choice 3"}},"ChoiceOrder":["1","2","3"],"Validation":{"Settings":{"ForceResponse":"OFF","ForceResponseType":"ON","Type":"None"}},"Language":[],"NextChoiceId":4,"NextAnswerId":1,"QuestionID":"QID2"}},{"SurveyID":"SV_cHfASnzLpn6aX3L","Element":"SQ","PrimaryAttribute":"QID3","SecondaryAttribute":"Click to write the question text","TertiaryAttribute":null,"Payload":{"QuestionText":"Click to write the question text","DataExportTag":"Q3","QuestionType":"MC","Selector":"SAVR","SubSelector":"TX","Configuration":{"QuestionDescriptionOption":"UseText"},"QuestionDescription":"Click to write the question text","Choices":{"1":{"Display":"Click to write Choice 1"},"2":{"Display":"Click to write Choice 2"},"3":{"Display":"Click to write Choice 3"}},"ChoiceOrder":["1","2","3"],"Validation":{"Settings":{"ForceResponse":"OFF","ForceResponseType":"ON","Type":"None"}},"Language":[],"NextChoiceId":4,"NextAnswerId":1,"QuestionID":"QID3"}},{"SurveyID":"SV_cHfASnzLpn6aX3L","Element":"SQ","PrimaryAttribute":"QID4","SecondaryAttribute":"Click to write the question text","TertiaryAttribute":null,"Payload":{"QuestionText":"Click to write the question text","DataExportTag":"Q4","QuestionType":"MC","Selector":"SAVR","SubSelector":"TX","Configuration":{"QuestionDescriptionOption":"UseText"},"QuestionDescription":"Click to write the question text","Choices":{"1":{"Display":"Click to write Choice 1"},"2":{"Display":"Click to write Choice 2"},"3":{"Display":"Click to write Choice 3"}},"ChoiceOrder":["1","2","3"],"Validation":{"Settings":{"ForceResponse":"OFF","ForceResponseType":"ON","Type":"None"}},"Language":[],"NextChoiceId":4,"NextAnswerId":1,"QuestionID":"QID4"}},{"SurveyID":"SV_cHfASnzLpn6aX3L","Element":"SQ","PrimaryAttribute":"QID5","SecondaryAttribute":"Click to write the question text","TertiaryAttribute":null,"Payload":{"QuestionText":"Click to write the question text","DataExportTag":"Q5","QuestionType":"MC","Selector":"SAVR","SubSelector":"TX","Configuration":{"QuestionDescriptionOption":"UseText"},"QuestionDescription":"Click to write the question text","Choices":{"1":{"Display":"Click to write Choice 1"},"2":{"Display":"Click to write Choice 2"},"3":{"Display":"Click to write Choice 3"}},"ChoiceOrder":["1","2","3"],"Validation":{"Settings":{"ForceResponse":"OFF","ForceResponseType":"ON","Type":"None"}},"Language":[],"NextChoiceId":4,"NextAnswerId":1,"QuestionID":"QID5"}},{"SurveyID":"SV_cHfASnzLpn6aX3L","Element":"SQ","PrimaryAttribute":"QID6","SecondaryAttribute":"Click to write the question text","TertiaryAttribute":null,"Payload":{"QuestionText":"Click to write the question text","DataExportTag":"Q6","QuestionType":"MC","Selector":"SAVR","SubSelector":"TX","Configuration":{"QuestionDescriptionOption":"UseText"},"QuestionDescription":"Click to write the question text","Choices":{"1":{"Display":"Click to write Choice 1"},"2":{"Display":"Click to write Choice 2"},"3":{"Display":"Click to write Choice 3"}},"ChoiceOrder":["1","2","3"],"Validation":{"Settings":{"ForceResponse":"OFF","ForceResponseType":"ON","Type":"None"}},"Language":[],"NextChoiceId":4,"NextAnswerId":1,"QuestionID":"QID6"}},{"SurveyID":"SV_cHfASnzLpn6aX3L","Element":"SQ","PrimaryAttribute":"QID7","SecondaryAttribute":"Click to write the question text","TertiaryAttribute":null,"Payload":{"QuestionText":"Click to write the question text","DataExportTag":"Q7","QuestionType":"MC","Selector":"SAVR","SubSelector":"TX","Configuration":{"QuestionDescriptionOption":"UseText"},"QuestionDescription":"Click to write the question text","Choices":{"1":{"Display":"Click to write Choice 1"},"2":{"Display":"Click to write Choice 2"},"3":{"Display":"Click to write Choice 3"}},"ChoiceOrder":["1","2","3"],"Validation":{"Settings":{"ForceResponse":"OFF","ForceResponseType":"ON","Type":"None"}},"Language":[],"NextChoiceId":4,"NextAnswerId":1,"QuestionID":"QID7"}},{"SurveyID":"SV_cHfASnzLpn6aX3L","Element":"SQ","PrimaryAttribute":"QID8","SecondaryAttribute":"Click to write the question text","TertiaryAttribute":null,"Payload":{"QuestionText":"Click to write the question text","DataExportTag":"Q8","QuestionType":"MC","Selector":"SAVR","SubSelector":"TX","Configuration":{"QuestionDescriptionOption":"UseText"},"QuestionDescription":"Click to write the question text","Choices":{"1":{"Display":"Click to write Choice 1"},"2":{"Display":"Click to write Choice 2"},"3":{"Display":"Click to write Choice 3"}},"ChoiceOrder":["1","2","3"],"Validation":{"Settings":{"ForceResponse":"OFF","ForceResponseType":"ON","Type":"None"}},"Language":[],"NextChoiceId":4,"NextAnswerId":1,"QuestionID":"QID8"}},{"SurveyID":"SV_cHfASnzLpn6aX3L","Element":"SQ","PrimaryAttribute":"QID9","SecondaryAttribute":"Click to write the question text","TertiaryAttribute":null,"Payload":{"QuestionText":"Click to write the question text","DataExportTag":"Q9","QuestionType":"MC","Selector":"SAVR","SubSelector":"TX","Configuration":{"QuestionDescriptionOption":"UseText"},"QuestionDescription":"Click to write the question text","Choices":{"1":{"Display":"Click to write Choice 1"},"2":{"Display":"Click to write Choice 2"},"3":{"Display":"Click to write Choice 3"}},"ChoiceOrder":["1","2","3"],"Validation":{"Settings":{"ForceResponse":"OFF","ForceResponseType":"ON","Type":"None"}},"Language":[],"NextChoiceId":4,"NextAnswerId":1,"QuestionID":"QID9"}},{"SurveyID":"SV_cHfASnzLpn6aX3L","Element":"SQ","PrimaryAttribute":"QID10","SecondaryAttribute":"Click to write the question text","TertiaryAttribute":null,"Payload":{"QuestionText":"Click to write the question text","DataExportTag":"Q10","QuestionType":"MC","Selector":"SAVR","SubSelector":"TX","Configuration":{"QuestionDescriptionOption":"UseText"},"QuestionDescription":"Click to write the question text","Choices":{"1":{"Display":"Click to write Choice 1"},"2":{"Display":"Click to write Choice 2"},"3":{"Display":"Click to write Choice 3"}},"ChoiceOrder":["1","2","3"],"Validation":{"Settings":{"ForceResponse":"OFF","ForceResponseType":"ON","Type":"None"}},"Language":[],"NextChoiceId":4,"NextAnswerId":1,"QuestionID":"QID10"}},{"SurveyID":"SV_cHfASnzLpn6aX3L","Element":"SQ","PrimaryAttribute":"QID11","SecondaryAttribute":"Click to write the question text","TertiaryAttribute":null,"Payload":{"QuestionText":"Click to write the question text","DataExportTag":"Q11","QuestionType":"MC","Selector":"SAVR","SubSelector":"TX","Configuration":{"QuestionDescriptionOption":"UseText"},"QuestionDescription":"Click to write the question text","Choices":{"1":{"Display":"Click to write Choice 1"},"2":{"Display":"Click to write Choice 2"},"3":{"Display":"Click to write Choice 3"}},"ChoiceOrder":["1","2","3"],"Validation":{"Settings":{"ForceResponse":"OFF","ForceResponseType":"ON","Type":"None"}},"Language":[],"NextChoiceId":4,"NextAnswerId":1,"QuestionID":"QID11"}},{"SurveyID":"SV_cHfASnzLpn6aX3L","Element":"SQ","PrimaryAttribute":"QID12","SecondaryAttribute":"Click to write the question text","TertiaryAttribute":null,"Payload":{"QuestionText":"Click to write the question text","DataExportTag":"Q12","QuestionType":"MC","Selector":"SAVR","SubSelector":"TX","Configuration":{"QuestionDescriptionOption":"UseText"},"QuestionDescription":"Click to write the question text","Choices":{"1":{"Display":"Click to write Choice 1"},"2":{"Display":"Click to write Choice 2"},"3":{"Display":"Click to write Choice 3"}},"ChoiceOrder":["1","2","3"],"Validation":{"Settings":{"ForceResponse":"OFF","ForceResponseType":"ON","Type":"None"}},"Language":[],"NextChoiceId":4,"NextAnswerId":1,"QuestionID":"QID12"}},{"SurveyID":"SV_cHfASnzLpn6aX3L","Element":"SQ","PrimaryAttribute":"QID13","SecondaryAttribute":"Click to write the question text","TertiaryAttribute":null,"Payload":{"QuestionText":"Click to write the question text","DataExportTag":"Q13","QuestionType":"MC","Selector":"SAVR","SubSelector":"TX","Configuration":{"QuestionDescriptionOption":"UseText"},"QuestionDescription":"Click to write the question text","Choices":{"1":{"Display":"Click to write Choice 1"},"2":{"Display":"Click to write Choice 2"},"3":{"Display":"Click to write Choice 3"}},"ChoiceOrder":["1","2","3"],"Validation":{"Settings":{"ForceResponse":"OFF","ForceResponseType":"ON","Type":"None"}},"Language":[],"NextChoiceId":4,"NextAnswerId":1,"QuestionID":"QID13"}},{"SurveyID":"SV_cHfASnzLpn6aX3L","Element":"SQ","PrimaryAttribute":"QID14","SecondaryAttribute":"Click to write the question text","TertiaryAttribute":null,"Payload":{"QuestionText":"Click to write the question text","DataExportTag":"Q14","QuestionType":"MC","Selector":"SAVR","SubSelector":"TX","Configuration":{"QuestionDescriptionOption":"UseText"},"QuestionDescription":"Click to write the question text","Choices":{"1":{"Display":"Click to write Choice 1"},"2":{"Display":"Click to write Choice 2"},"3":{"Display":"Click to write Choice 3"}},"ChoiceOrder":["1","2","3"],"Validation":{"Settings":{"ForceResponse":"OFF","ForceResponseType":"ON","Type":"None"}},"Language":[],"NextChoiceId":4,"NextAnswerId":1,"QuestionID":"QID14"}},{"SurveyID":"SV_cHfASnzLpn6aX3L","Element":"SQ","PrimaryAttribute":"QID15","SecondaryAttribute":"Click to write the question text","TertiaryAttribute":null,"Payload":{"QuestionText":"Click to write the question text","DataExportTag":"Q15","QuestionType":"MC","Selector":"SAVR","SubSelector":"TX","Configuration":{"QuestionDescriptionOption":"UseText"},"QuestionDescription":"Click to write the question text","Choices":{"1":{"Display":"Click to write Choice 1"},"2":{"Display":"Click to write Choice 2"},"3":{"Display":"Click to write Choice 3"}},"ChoiceOrder":["1","2","3"],"Validation":{"Settings":{"ForceResponse":"OFF","ForceResponseType":"ON","Type":"None"}},"Language":[],"NextChoiceId":4,"NextAnswerId":1,"QuestionID":"QID15"}},{"SurveyID":"SV_cHfASnzLpn6aX3L","Element":"SQ","PrimaryAttribute":"QID16","SecondaryAttribute":"Click to write the question text","TertiaryAttribute":null,"Payload":{"QuestionText":"Click to write the question text","DataExportTag":"Q16","QuestionType":"MC","Selector":"SAVR","SubSelector":"TX","Configuration":{"QuestionDescriptionOption":"UseText"},"QuestionDescription":"Click to write the question text","Choices":{"1":{"Display":"Click to write Choice 1"},"2":{"Display":"Click to write Choice 2"},"3":{"Display":"Click to write Choice 3"}},"ChoiceOrder":["1","2","3"],"Validation":{"Settings":{"ForceResponse":"OFF","ForceResponseType":"ON","Type":"None"}},"Language":[],"NextChoiceId":4,"NextAnswerId":1,"QuestionID":"QID16"}},{"SurveyID":"SV_cHfASnzLpn6aX3L","Element":"SQ","PrimaryAttribute":"QID17","SecondaryAttribute":"Click to write the question text","TertiaryAttribute":null,"Payload":{"QuestionText":"Click to write the question text","DataExportTag":"Q17","QuestionType":"MC","Selector":"SAVR","SubSelector":"TX","Configuration":{"QuestionDescriptionOption":"UseText"},"QuestionDescription":"Click to write the question text","Choices":{"1":{"Display":"Click to write Choice 1"},"2":{"Display":"Click to write Choice 2"},"3":{"Display":"Click to write Choice 3"}},"ChoiceOrder":["1","2","3"],"Validation":{"Settings":{"ForceResponse":"OFF","ForceResponseType":"ON","Type":"None"}},"Language":[],"NextChoiceId":4,"NextAnswerId":1,"QuestionID":"QID17"}},{"SurveyID":"SV_cHfASnzLpn6aX3L","Element":"SQ","PrimaryAttribute":"QID18","SecondaryAttribute":"Click to write the question text","TertiaryAttribute":null,"Payload":{"QuestionText":"Click to write the question text","DataExportTag":"Q18","QuestionType":"MC","Selector":"SAVR","SubSelector":"TX","Configuration":{"QuestionDescriptionOption":"UseText"},"QuestionDescription":"Click to write the question text","Choices":{"1":{"Display":"Click to write Choice 1"},"2":{"Display":"Click to write Choice 2"},"3":{"Display":"Click to write Choice 3"}},"ChoiceOrder":["1","2","3"],"Validation":{"Settings":{"ForceResponse":"OFF","ForceResponseType":"ON","Type":"None"}},"Language":[],"NextChoiceId":4,"NextAnswerId":1,"QuestionID":"QID18"}},{"SurveyID":"SV_cHfASnzLpn6aX3L","Element":"SQ","PrimaryAttribute":"QID19","SecondaryAttribute":"Click to write the question text","TertiaryAttribute":null,"Payload":{"QuestionText":"Click to write the question text","DataExportTag":"Q19","QuestionType":"MC","Selector":"SAVR","SubSelector":"TX","Configuration":{"QuestionDescriptionOption":"UseText"},"QuestionDescription":"Click to write the question text","Choices":{"1":{"Display":"Click to write Choice 1"},"2":{"Display":"Click to write Choice 2"},"3":{"Display":"Click to write Choice 3"}},"ChoiceOrder":["1","2","3"],"Validation":{"Settings":{"ForceResponse":"OFF","ForceResponseType":"ON","Type":"None"}},"Language":[],"NextChoiceId":4,"NextAnswerId":1,"QuestionID":"QID19"}},{"SurveyID":"SV_cHfASnzLpn6aX3L","Element":"SQ","PrimaryAttribute":"QID20","SecondaryAttribute":"Click to write the question text","TertiaryAttribute":null,"Payload":{"QuestionText":"Click to write the question text","DataExportTag":"Q20","QuestionType":"MC","Selector":"SAVR","SubSelector":"TX","Configuration":{"QuestionDescriptionOption":"UseText"},"QuestionDescription":"Click to write the question text","Choices":{"1":{"Display":"Click to write Choice 1"},"2":{"Display":"Click to write Choice 2"},"3":{"Display":"Click to write Choice 3"}},"ChoiceOrder":["1","2","3"],"Validation":{"Settings":{"ForceResponse":"OFF","ForceResponseType":"ON","Type":"None"}},"Language":[],"NextChoiceId":4,"NextAnswerId":1,"QuestionID":"QID20"}},{"SurveyID":"SV_cHfASnzLpn6aX3L","Element":"SQ","PrimaryAttribute":"QID24","SecondaryAttribute":"Click to write the question text","TertiaryAttribute":null,"Payload":{"QuestionText":"Click to write the question text","DefaultChoices":false,"DataExportTag":"Q24","QuestionType":"Slider","Selector":"HSLIDER","Configuration":{"QuestionDescriptionOption":"UseText","CSSliderMin":0,"CSSliderMax":100,"GridLines":10,"SnapToGrid":false,"NumDecimals":"0","ShowValue":true,"CustomStart":false,"NotApplicable":false,"MobileFirst":true},"QuestionDescription":"Click to write the question text","Choices":{"1":{"Display":"Click to write Choice 1"},"2":{"Display":"Click to write Choice 2"},"3":{"Display":"Click to write Choice 3"}},"ChoiceOrder":["1","2","3"],"Validation":{"Settings":{"ForceResponse":"OFF","ForceResponseType":"ON","Type":"None"}},"GradingData":[],"Language":[],"NextChoiceId":4,"NextAnswerId":1,"Labels":[],"QuestionID":"QID24"}},{"SurveyID":"SV_cHfASnzLpn6aX3L","Element":"SQ","PrimaryAttribute":"QID25","SecondaryAttribute":"Click to write the question text","TertiaryAttribute":null,"Payload":{"QuestionText":"Click to write the question text","DataExportTag":"Q25","QuestionType":"MC","Selector":"SAVR","SubSelector":"TX","Configuration":{"QuestionDescriptionOption":"UseText"},"QuestionDescription":"Click to write the question text","Choices":{"1":{"Display":"Click to write Choice 1"},"2":{"Display":"Click to write Choice 2"},"3":{"Display":"Click to write Choice 3"}},"ChoiceOrder":["1","2","3"],"Validation":{"Settings":{"ForceResponse":"OFF","ForceResponseType":"ON","Type":"None"}},"Language":[],"NextChoiceId":4,"NextAnswerId":1,"QuestionID":"QID25"}},{"SurveyID":"SV_cHfASnzLpn6aX3L","Element":"RS","PrimaryAttribute":"RS_2ukWNjmf8HIC6sR","SecondaryAttribute":"Default Response Set","TertiaryAttribute":null,"Payload":null},{"SurveyID":"SV_cHfASnzLpn6aX3L","Element":"SQ","PrimaryAttribute":"QID21","SecondaryAttribute":"Filler Question","TertiaryAttribute":null,"Payload":{"QuestionText":"Filler Question","DataExportTag":"Q21","QuestionType":"MC","Selector":"SAVR","SubSelector":"TX","Configuration":{"QuestionDescriptionOption":"UseText"},"QuestionDescription":"Filler Question","Choices":{"1":{"Display":"Click to write Choice 1"},"2":{"Display":"Click to write Choice 2"},"3":{"Display":"Click to write Choice 3"}},"ChoiceOrder":["1","2","3"],"Validation":{"Settings":{"ForceResponse":"OFF","ForceResponseType":"ON","Type":"None"}},"Language":[],"NextChoiceId":4,"NextAnswerId":1,"QuestionID":"QID21","DataVisibility":{"Private":false,"Hidden":false}}},{"SurveyID":"SV_cHfASnzLpn6aX3L","Element":"SQ","PrimaryAttribute":"QID22","SecondaryAttribute":"Filler Question","TertiaryAttribute":null,"Payload":{"QuestionText":"Filler Question","DataExportTag":"Q22","QuestionType":"MC","Selector":"SAVR","SubSelector":"TX","Configuration":{"QuestionDescriptionOption":"UseText"},"QuestionDescription":"Filler Question","Choices":{"1":{"Display":"Click to write Choice 1"},"2":{"Display":"Click to write Choice 2"},"3":{"Display":"Click to write Choice 3"}},"ChoiceOrder":["1","2","3"],"Validation":{"Settings":{"ForceResponse":"OFF","ForceResponseType":"ON","Type":"None"}},"Language":[],"NextChoiceId":4,"NextAnswerId":1,"QuestionID":"QID22","DataVisibility":{"Private":false,"Hidden":false}}},{"SurveyID":"SV_cHfASnzLpn6aX3L","Element":"SQ","PrimaryAttribute":"QID1","SecondaryAttribute":"Question 1","TertiaryAttribute":null,"Payload":{"QuestionText":"Multiple Question block example (Slider value: 100) - Default token pool labels","DefaultChoices":false,"DataExportTag":"Q1","QuestionType":"Slider","Selector":"HSLIDER","Configuration":{"QuestionDescriptionOption":"SpecifyLabel","CSSliderMin":0,"CSSliderMax":50,"GridLines":0,"SnapToGrid":false,"NumDecimals":"0","ShowValue":true,"CustomStart":false,"NotApplicable":false,"MobileFirst":false},"QuestionDescription":"Question 1","Choices":{"1":{"Display":"This choice label won't show up, but needs to exist."}},"ChoiceOrder":[1],"Validation":{"Settings":{"ForceResponse":"OFF","ForceResponseType":"ON","Type":"None"}},"GradingData":[],"Language":[],"NextChoiceId":2,"NextAnswerId":1,"Labels":[],"QuestionID":"QID1","QuestionJS":"var slideInterval;\n\nQualtrics.SurveyEngine.addOnload(function() {\n  if (this.question.runtime.Type != \"Slider\") { return; }\n\n  \/\/For this code to work the Qualtrics question type needs to be set to \"Slider\" with the following settings:\n  \/\/Choices = 1\n  \/\/Labels = 0 or 2 (Sets token pool text)\n  \/\/Type = Sliders\n  \/\/Grid Lines = 0\n  \/\/Min Value = 0\n  \/\/Max Value = >0 (Large numbers, 200+?, will likely cause tokens to overflow from the question area)\n  \/\/Options: Show Value - ON, Everything else - OFF\n  \/\/All other settings should be left at default values\n\n\n  \/\/Editable\n  \/\/===================\n  \/\/Token Colours\n  let tokenFill = \"goldenrod\";\n  let tokenBorder = \"orangered\";\n\n  \/\/Token Size\n  let tokenWidth = 10;     \/\/Radius of token ellipse (x)\n  let tokenHeight = 4;     \/\/Radius of token ellipse (y)\n  let tokenGap = 5;        \/\/Space between tokens in a stack (vertical)\n  let tokenVSpacing = 8;   \/\/Vertical space between stack rows\n  let tokenHSpacing = 20;  \/\/Horizontal space between stacks in the same row\n                           \/\/Should be greater than tokenWidth\n  let tokenPileSize = 10;  \/\/Number of tokens in a stack\n\n  \/\/Initial Slider value\n  let startValue = -1;      \/\/If set to -1, this will be set to half of the maximum value\n\n  \/\/Token Pool Labels - Can also be set using Qualtrics Labels (The first 2)\n  let defaultLabelTextLeft = \"Your Tokens\";  \/\/Will be overridden by qualtrics labels if they exist\n  let defaultLabelTextRight = \"Token Pool\";  \/\/As above\n  \/\/===================\n\n\n\n  \/\/\n  \/\/** Edit below this point at your own risk **\n  \/\/\n  let closure = this.question;\n  let sliderWidth = \"60%\";\n  let sliderLeft = \"20%\";\n  let sliderMax = this.question.runtime.CSSliderMax;\n  if (startValue == -1) { startValue = Math.floor(sliderMax\/2); }\n  let doc = this.questionContainer;\n  doc.style.marginBottom = \"40px\";\n  let titleHeight = parseFloat(doc.offsetTop) + parseFloat(doc.querySelector(\".QuestionText\").offsetHeight) - 15 + \"px\";\n\n  \/\/Get labels for token pools\n  let labels = doc.querySelectorAll(\".LabelDescriptions table.LabelDescriptions .LightText\");\n  let leftLabelText;\n  let rightLabelText;\n  if (labels && labels[0] && labels[1]) {\n    leftLabelText = labels[0].innerText;\n    labels[0].style.display = \"none\";\n    rightLabelText = labels[1].innerText;\n    labels[1].style.display = \"none\";\n  } else {\n    leftLabelText = defaultLabelTextLeft;\n    rightLabelText = defaultLabelTextRight;\n  }\n\n  \/\/Triangle stack layout\n  let triangles = [];\n  for (let i = 2; i < 20; i++) {\n    let min = ((i-1) * (i)) \/ 2;\n    let max = ((i)* (i+1)) \/ 2;\n    for (j = min; j < max; j++) {\n      triangles[j+1] = i;\n    }\n  }\n  let maxPiles = triangles[Math.ceil(sliderMax \/ tokenPileSize)] || 1;\n  let maxWidth = 2 + (maxPiles-1) * tokenHSpacing;\n  console.log(\"Max Width: \" + maxWidth);\n  let maxHeight = 1 + tokenHeight * 2 + (tokenPileSize-1) * tokenGap;\n\n  \/\/Set slider value\n  closure.runtime.Choices[1].Value = \"\" + startValue;\n\n  \/\/Resize slider body to make room for images\n  let qBody = doc.querySelector(\".QuestionBody\");\n  qBody.style.width = sliderWidth;\n  qBody.style.left = sliderLeft;\n  \/\/\n\n  \/\/Create svg to render tokens\n  let svg = document.createElementNS(\"http:\/\/www.w3.org\/2000\/svg\", \"svg\");\n  let g1 = document.createElementNS(\"http:\/\/www.w3.org\/2000\/svg\", \"g\");\n  let g2 = document.createElementNS(\"http:\/\/www.w3.org\/2000\/svg\", \"g\");\n  svg.style.float = \"left\";\n  svg.style.width = doc.offsetWidth + \"px\";\n  svg.style.height = doc.offsetHeight + \"px\";\n  svg.style.position = \"absolute\";\n  svg.style.transform = \"translateY(-25%)\";\n  svg.style.zIndex = \"-50\";\n  qBody.parentNode.appendChild(svg);\n  \/\/\n\n  let tokensCreated = false;\n\n\n  \/\/Overwrite slider layout\n  let slider;\n  let sliderTable = doc.querySelector(\"tbody > tr.First\");\n  for (i in sliderTable.children) {\n    let child = sliderTable.children[i];\n    if (!child.classList || !child.classList.contains(\"BarOuter\")) {\n      if (child.style) {\n        child.style.display = \"none\";\n      }\n    } else {\n      child.setAttribute(\"colspan\", 4);\n      child.querySelector(\".track\").style.minWidth = \"100%\";\n      slider = child;\n    }\n  }\n\n  \/\/Token positions\n  let leftX = 25;\n  let leftY = maxHeight + 20;\n  \/\/ let leftY = titleHeight + 20 + maxHeight;\n  let rightX = svg.parentNode.offsetWidth - maxWidth - 25;\n  let rightY = leftY;\n\n  \/\/Set interval function to check slide position\n  let lastSlide = 0;\n  slideInterval = window.setInterval(function() {\n    let slidePos = Math.round(getSliderPos() * sliderMax);\n    if (slidePos != lastSlide) {\n      lastSlide = slidePos;\n      updateTokens(leftX, leftY, rightX, rightY);\n    }\n  },20);\n\n  function getSliderPos() {\n    return closure._sliders[1].value;\n  }\n\n  \/\/Add Labels - Left tokens, Right Tokens\n  let div1 = document.createElement(\"div\");\n  div1.style.left = tokenWidth * 1.5 + \"px\";\n  div1.style.position = \"absolute\";\n  div1.style.top = titleHeight;\n  div1.style.textAlign = \"left\";\n  div1.innerText = leftLabelText;\n  qBody.parentNode.appendChild(div1);\n  let div2 = document.createElement(\"div\");\n  div2.style.right = tokenWidth * 1.5 + \"px\";\n  div2.style.position = \"absolute\";\n  div2.style.top = titleHeight;\n  div2.innerText = rightLabelText;\n  div2.style.textAlign = \"right\";\n  qBody.parentNode.appendChild(div2);\n\n  \/\/Slider value label\n  let div3 = document.createElement(\"div\");\n  div3.style.left = \"50%\";\n  div3.style.transform = \"translateX(-50%\";\n  \/\/ div3.style.bottom = \"25%\";\n  div3.style.textAlign = \"center\";\n  div3.style.width = \"100px\";\n  div3.style.fontSize = \"20px\";\n  div3.style.position = \"absolute\";\n  qBody.parentNode.appendChild(div3);\n\n  \/\/Create window resize listener to keep tokens and slider aligned\n  window.addEventListener(\"resize\", resizeFunc);\n  resizeFunc();\n\n  \/\/Create tokens\n  updateTokens(leftX, leftY, rightX, rightY);\n\n\n  \/\/-- Functions --\n\n  function resizeFunc() {\n    let titleHeight = parseFloat(doc.offsetTop) + parseFloat(doc.querySelector(\".QuestionText\").offsetHeight) - 15 + \"px\";\n    \n    let width = parseFloat(sliderTable.offsetWidth);\n    slider.querySelector(\".track\").style.minWidth = width + \"px\";\n\n    let x1 = 25;\n    \/\/ let y1 = maxHeight + 20;\n    let y1 = maxHeight + 20;\n    let x2 = svg.parentNode.offsetWidth - maxWidth - 25;\n    let y2 = y1;\n\n    moveTokens(x1 - leftX, y1 - leftY, x2 - rightX, y2 - rightY);\n\n    svg.style.width = parseFloat(doc.offsetWidth) + \"px\";\n    svg.style.height = parseFloat(doc.offsetHeight) + \"px\";\n    \/\/ let zTop = parseFloat(doc.offsetTop) + parseFloat(doc.parentNode.offsetTop) +\n              \/\/ parseFloat(doc.parentNode.parentNode.offsetTop) +\n              \/\/ parseFloat(doc.parentNode.parentNode.parentNode.offsetTop) + \"px\";\n    \/\/ svg.style.top = zTop;\n    \n    div1.style.top = titleHeight;\n    div2.style.top = titleHeight;\n  }\n\n  function updateTokens(x1, y1, x2, y2) {\n    \/\/Redraw tokens\n    let sliderPos = getSliderPos();\n\n    removeAllTokens(g1);\n    removeAllTokens(g2);\n\n    let tokenCountText = 0;\n\n    if (!tokensCreated) {\n      \/\/Create tokens\n      let piles = Math.floor(sliderMax \/ tokenPileSize);\n      let remainder = sliderMax - piles * tokenPileSize;\n      createTokens(g1, x1, y1, piles, remainder, false);\n      svg.appendChild(g1);\n      createTokens(g2, x2, y2, piles, remainder, true);\n      svg.appendChild(g2);\n      tokensCreated = true;\n    } else {\n      \/\/Update tokens\n      \/\/Left Pool\n      let tokenCount = Math.round(sliderPos * sliderMax);\n      tokenCountText = tokenCount;\n      for (let i = 0; i < tokenCount; i++) {\n        g1.children[i].style.display = \"block\";\n      }\n\n      \/\/Right Pool\n      tokenCount = sliderMax - tokenCount;\n      for (let i = 0; i < tokenCount; i++) {\n        g2.children[i].style.display = \"block\";\n      }\n    }\n\n    \/\/Update counter label\n    div3.innerText = tokenCountText;\n  }\n\n  function moveTokens(x1, y1, x2, y2) {\n    \/\/Adjust position of tokens\n    g1.setAttribute(\"transform\", \"translate(\" + x1 + \",\" + y1 + \")\");\n    g2.setAttribute(\"transform\", \"translate(\" + x2 + \",\" + y2 + \")\");\n\n    for (let i = 0; i < svg.children.length; i++) {\n      if (i < sliderMax) {\n        svg.children[i].setAttribute(\"cx\", parseFloat(svg.children[i].getAttribute(\"cx\")) + x1);\n        svg.children[i].setAttribute(\"cy\", parseFloat(svg.children[i].getAttribute(\"cy\")) + y1);\n      } else {\n        svg.children[i].setAttribute(\"cx\", parseFloat(svg.children[i].getAttribute(\"cx\")) + x2);\n        svg.children[i].setAttribute(\"cy\", parseFloat(svg.children[i].getAttribute(\"cy\")) + y2);\n      }\n    }\n  }\n\n  function createTokens(svg, x1, y1, piles, remainder, alt) {\n    let xMod = 0;\n    let yMod = 0;\n    let triangle = findTriangle(piles + (remainder == 0 ? 0 : 1));\n    let triCounter = 0;\n    let vCounter = 0;\n    for (let i = 0; i <= piles; i++) {\n      for (let t = 0; t < tokenPileSize && (i < piles || t < remainder); t++) {\n        createToken(svg, x1 + xMod, y1 + yMod - tokenGap * t);\n      }\n\n      triCounter++;\n      if (triCounter == triangle) {\n        triangle--;\n        triCounter = 0;\n        vCounter++;\n        yMod += tokenVSpacing;\n        xMod = 0 + vCounter * tokenHSpacing * .5;\n      } else {\n        xMod += tokenHSpacing;\n      }\n    }\n  }\n\n  function findTriangle(i) {\n    if (i <= 2) { return i; }\n    return triangles[i] || 1;\n  }\n\n  function createToken(svg, x, y) {\n    let e1 = document.createElementNS(\"http:\/\/www.w3.org\/2000\/svg\", \"ellipse\");\n    e1.setAttribute(\"cx\", x);\n    e1.setAttribute(\"cy\", y);\n    e1.setAttribute(\"rx\", tokenWidth);\n    e1.setAttribute(\"ry\", tokenHeight);\n    e1.style.fill = tokenFill;\n    e1.style.stroke = tokenBorder;\n    svg.appendChild(e1);\n  }\n\n  function removeAllTokens(svg) {\n    \/\/Remove (hide) tokens\n    for (i in svg.children) {\n      if (svg.children[i].style) {\n        svg.children[i].style.display = \"none\";\n      }\n    }\n  }\n});\n\nQualtrics.SurveyEngine.addOnUnload(function() {\n\twindow.clearInterval(slideInterval);\n});","DataVisibility":{"Private":false,"Hidden":false}}},{"SurveyID":"SV_cHfASnzLpn6aX3L","Element":"SQ","PrimaryAttribute":"QID23","SecondaryAttribute":"Single Question Block Example (Slider value: 50)","TertiaryAttribute":null,"Payload":{"QuestionText":"Single Question Block Example (Slider value: 50)","QuestionJS":"var slideInterval;\n\nQualtrics.SurveyEngine.addOnload(function() {\n  if (this.question.runtime.Type != \"Slider\") { return; }\n\n  \/\/For this code to work the Qualtrics question type needs to be set to \"Slider\" with the following settings:\n  \/\/Choices = 1\n  \/\/Labels = 0 or 2 (Sets token pool text)\n  \/\/Type = Sliders\n  \/\/Grid Lines = 0\n  \/\/Min Value = 0\n  \/\/Max Value = >0 (Large numbers, 200+?, will likely cause tokens to overflow from the question area)\n  \/\/Options: Show Value - ON, Everything else - OFF\n  \/\/All other settings should be left at default values\n\n\n  \/\/Editable\n  \/\/===================\n  \/\/Token Colours\n  let tokenFill = \"goldenrod\";\n  let tokenBorder = \"orangered\";\n\n  \/\/Token Size\n  let tokenWidth = 10;     \/\/Radius of token ellipse (x)\n  let tokenHeight = 4;     \/\/Radius of token ellipse (y)\n  let tokenGap = 5;        \/\/Space between tokens in a stack (vertical)\n  let tokenVSpacing = 8;   \/\/Vertical space between stack rows\n  let tokenHSpacing = 20;  \/\/Horizontal space between stacks in the same row\n                           \/\/Should be greater than tokenWidth\n  let tokenPileSize = 10;  \/\/Number of tokens in a stack\n\n  \/\/Initial Slider value\n  let startValue = -1;      \/\/If set to -1, this will be set to half of the maximum value\n\n  \/\/Token Pool Labels - Can also be set using Qualtrics Labels (The first 2)\n  let defaultLabelTextLeft = \"Your Tokens\";  \/\/Will be overridden by qualtrics labels if they exist\n  let defaultLabelTextRight = \"Token Pool\";  \/\/As above\n  \/\/===================\n\n\n\n  \/\/\n  \/\/** Edit below this point at your own risk **\n  \/\/\n  let closure = this.question;\n  let sliderWidth = \"60%\";\n  let sliderLeft = \"20%\";\n  let sliderMax = this.question.runtime.CSSliderMax;\n  if (startValue == -1) { startValue = Math.floor(sliderMax\/2); }\n  let doc = this.questionContainer;\n  doc.style.marginBottom = \"40px\";\n  let titleHeight = parseFloat(doc.offsetTop) + parseFloat(doc.querySelector(\".QuestionText\").offsetHeight) - 15 + \"px\";\n\n  \/\/Get labels for token pools\n  let labels = doc.querySelectorAll(\".LabelDescriptions table.LabelDescriptions .LightText\");\n  let leftLabelText;\n  let rightLabelText;\n  if (labels && labels[0] && labels[1]) {\n    leftLabelText = labels[0].innerText;\n    labels[0].style.display = \"none\";\n    rightLabelText = labels[1].innerText;\n    labels[1].style.display = \"none\";\n  } else {\n    leftLabelText = defaultLabelTextLeft;\n    rightLabelText = defaultLabelTextRight;\n  }\n\n  \/\/Triangle stack layout\n  let triangles = [];\n  for (let i = 2; i < 20; i++) {\n    let min = ((i-1) * (i)) \/ 2;\n    let max = ((i)* (i+1)) \/ 2;\n    for (j = min; j < max; j++) {\n      triangles[j+1] = i;\n    }\n  }\n  let maxPiles = triangles[Math.ceil(sliderMax \/ tokenPileSize)] || 1;\n  let maxWidth = 2 + (maxPiles-1) * tokenHSpacing;\n  console.log(\"Max Width: \" + maxWidth);\n  let maxHeight = tokenHeight * tokenPileSize + (tokenHeight-1) * tokenGap;\n\n  \/\/Set slider value\n  closure.runtime.Choices[1].Value = \"\" + startValue;\n\n  \/\/Resize slider body to make room for images\n  let qBody = doc.querySelector(\".QuestionBody\");\n  qBody.style.width = sliderWidth;\n  qBody.style.left = sliderLeft;\n  \/\/\n\n  \/\/Create svg to render tokens\n  let svg = document.createElementNS(\"http:\/\/www.w3.org\/2000\/svg\", \"svg\");\n  let g1 = document.createElementNS(\"http:\/\/www.w3.org\/2000\/svg\", \"g\");\n  let g2 = document.createElementNS(\"http:\/\/www.w3.org\/2000\/svg\", \"g\");\n  svg.style.float = \"left\";\n  svg.style.width = doc.offsetWidth + \"px\";\n  svg.style.height = doc.offsetHeight + \"px\";\n  svg.style.position = \"absolute\";\n  svg.style.transform = \"translateY(-50%)\";\n  svg.style.zIndex = \"-50\";\n  qBody.parentNode.appendChild(svg);\n  \/\/\n\n  let tokensCreated = false;\n\n\n  \/\/Overwrite slider layout\n  let slider;\n  let sliderTable = doc.querySelector(\"tbody > tr.First\");\n  for (i in sliderTable.children) {\n    let child = sliderTable.children[i];\n    if (!child.classList || !child.classList.contains(\"BarOuter\")) {\n      if (child.style) {\n        child.style.display = \"none\";\n      }\n    } else {\n      child.setAttribute(\"colspan\", 4);\n      child.querySelector(\".track\").style.minWidth = \"100%\";\n      slider = child;\n    }\n  }\n\n  \/\/Token positions\n  let leftX = 25;\n  let leftY = maxHeight + 20;\n  let rightX = svg.parentNode.offsetWidth - maxWidth - 25;\n  let rightY = leftY;\n\n  \/\/Set interval function to check slide position\n  let lastSlide = 0;\n  slideInterval = window.setInterval(function() {\n    let slidePos = Math.round(getSliderPos() * sliderMax);\n    if (slidePos != lastSlide) {\n      lastSlide = slidePos;\n      updateTokens(leftX, leftY, rightX, rightY);\n    }\n  },20);\n\n  function getSliderPos() {\n    return closure._sliders[1].value;\n  }\n\n  \/\/Add Labels - Left tokens, Right Tokens\n  let div1 = document.createElement(\"div\");\n  div1.style.left = tokenWidth * 1.5 + \"px\";\n  div1.style.position = \"absolute\";\n  div1.style.top = titleHeight;\n  div1.style.textAlign = \"left\";\n  div1.innerText = leftLabelText;\n  qBody.parentNode.appendChild(div1);\n  let div2 = document.createElement(\"div\");\n  div2.style.right = tokenWidth * 1.5 + \"px\";\n  div2.style.position = \"absolute\";\n  div2.style.top = titleHeight;\n  div2.innerText = rightLabelText;\n  div2.style.textAlign = \"right\";\n  qBody.parentNode.appendChild(div2);\n\n  \/\/Slider value label\n  let div3 = document.createElement(\"div\");\n  div3.style.left = \"50%\";\n  div3.style.transform = \"translateX(-50%\";\n  \/\/ div3.style.bottom = \"25%\";\n  div3.style.textAlign = \"center\";\n  div3.style.width = \"100px\";\n  div3.style.fontSize = \"20px\";\n  div3.style.position = \"absolute\";\n  qBody.parentNode.appendChild(div3);\n\n  \/\/Create window resize listener to keep tokens and slider aligned\n  window.addEventListener(\"resize\", resizeFunc);\n  resizeFunc();\n\n  \/\/Create tokens\n  updateTokens(leftX, leftY, rightX, rightY);\n\n\n  \/\/-- Functions --\n\n  function resizeFunc() {\n    let width = parseFloat(sliderTable.offsetWidth);\n    slider.querySelector(\".track\").style.minWidth = width + \"px\";\n\n    let x1 = 25;\n    let y1 = maxHeight + 20;\n    let x2 = svg.parentNode.offsetWidth - maxWidth - 25;\n    let y2 = y1;\n\n    moveTokens(x1 - leftX, y1 - leftY, x2 - rightX, y2 - rightY);\n\n    svg.style.width = doc.offsetWidth + \"px\";\n    svg.style.height = doc.offsetHeight + \"px\";\n\n    let titleHeight = parseFloat(doc.offsetTop) + parseFloat(doc.querySelector(\".QuestionText\").offsetHeight) - 15 + \"px\";\n    div1.style.top = titleHeight;\n    div2.style.top = titleHeight;\n  }\n\n  function updateTokens(x1, y1, x2, y2) {\n    \/\/Redraw tokens\n    let sliderPos = getSliderPos();\n\n    removeAllTokens(g1);\n    removeAllTokens(g2);\n\n    let tokenCountText = 0;\n\n    if (!tokensCreated) {\n      \/\/Create tokens\n      let piles = Math.floor(sliderMax \/ tokenPileSize);\n      let remainder = sliderMax - piles * tokenPileSize;\n      createTokens(g1, x1, y1, piles, remainder, false);\n      svg.appendChild(g1);\n      createTokens(g2, x2, y2, piles, remainder, true);\n      svg.appendChild(g2);\n      tokensCreated = true;\n    } else {\n      \/\/Update tokens\n      \/\/Left Pool\n      let tokenCount = Math.round(sliderPos * sliderMax);\n      tokenCountText = tokenCount;\n      for (let i = 0; i < tokenCount; i++) {\n        g1.children[i].style.display = \"block\";\n      }\n\n      \/\/Right Pool\n      tokenCount = sliderMax - tokenCount;\n      for (let i = 0; i < tokenCount; i++) {\n        g2.children[i].style.display = \"block\";\n      }\n    }\n\n    \/\/Update counter label\n    div3.innerText = tokenCountText;\n  }\n\n  function moveTokens(x1, y1, x2, y2) {\n    \/\/Adjust position of tokens\n    g1.setAttribute(\"transform\", \"translate(\" + x1 + \",\" + y1 + \")\");\n    g2.setAttribute(\"transform\", \"translate(\" + x2 + \",\" + y2 + \")\");\n\n    for (let i = 0; i < svg.children.length; i++) {\n      if (i < sliderMax) {\n        svg.children[i].setAttribute(\"cx\", parseFloat(svg.children[i].getAttribute(\"cx\")) + x1);\n        svg.children[i].setAttribute(\"cy\", parseFloat(svg.children[i].getAttribute(\"cy\")) + y1);\n      } else {\n        svg.children[i].setAttribute(\"cx\", parseFloat(svg.children[i].getAttribute(\"cx\")) + x2);\n        svg.children[i].setAttribute(\"cy\", parseFloat(svg.children[i].getAttribute(\"cy\")) + y2);\n      }\n    }\n  }\n\n  function createTokens(svg, x1, y1, piles, remainder, alt) {\n    let xMod = 0;\n    let yMod = 0;\n    let triangle = findTriangle(piles + (remainder == 0 ? 0 : 1));\n    let triCounter = 0;\n    let vCounter = 0;\n    for (let i = 0; i <= piles; i++) {\n      for (let t = 0; t < tokenPileSize && (i < piles || t < remainder); t++) {\n        createToken(svg, x1 + xMod, y1 + yMod - tokenGap * t);\n      }\n\n      triCounter++;\n      if (triCounter == triangle) {\n        triangle--;\n        triCounter = 0;\n        vCounter++;\n        yMod += tokenVSpacing;\n        xMod = 0 + vCounter * tokenHSpacing * .5;\n      } else {\n        xMod += tokenHSpacing;\n      }\n    }\n  }\n\n  function findTriangle(i) {\n    if (i <= 2) { return i; }\n    return triangles[i] || 1;\n  }\n\n  function createToken(svg, x, y) {\n    let e1 = document.createElementNS(\"http:\/\/www.w3.org\/2000\/svg\", \"ellipse\");\n    e1.setAttribute(\"cx\", x);\n    e1.setAttribute(\"cy\", y);\n    e1.setAttribute(\"rx\", tokenWidth);\n    e1.setAttribute(\"ry\", tokenHeight);\n    e1.style.fill = tokenFill;\n    e1.style.stroke = tokenBorder;\n    svg.appendChild(e1);\n  }\n\n  function removeAllTokens(svg) {\n    \/\/Remove (hide) tokens\n    for (i in svg.children) {\n      if (svg.children[i].style) {\n        svg.children[i].style.display = \"none\";\n      }\n    }\n  }\n});\n\nQualtrics.SurveyEngine.addOnUnload(function() {\n\twindow.clearInterval(slideInterval);\n});","DefaultChoices":false,"DataExportTag":"Q23","QuestionType":"Slider","Selector":"HSLIDER","Configuration":{"QuestionDescriptionOption":"UseText","CSSliderMin":0,"CSSliderMax":50,"GridLines":0,"SnapToGrid":false,"NumDecimals":"0","ShowValue":true,"CustomStart":false,"NotApplicable":false,"MobileFirst":false},"QuestionDescription":"Single Question Block Example (Slider value: 50)","Choices":{"1":{"Display":"This choice label won't show up, but needs to exist."}},"ChoiceOrder":[1],"Validation":{"Settings":{"ForceResponse":"OFF","ForceResponseType":"ON","Type":"None"}},"GradingData":[],"Language":[],"NextChoiceId":2,"NextAnswerId":3,"Labels":{"1":{"Display":"Left Token Pool Text"},"2":{"Display":"Right Token Pool Text"}},"QuestionID":"QID23","DataVisibility":{"Private":false,"Hidden":false}}}]}